
Microsoft Visual Studio Solution File, Format Version 12.00
# Visual Studio 15
VisualStudioVersion = 15.0.28307.902
MinimumVisualStudioVersion = 10.0.40219.1
Project("{9A19103F-16F7-4668-BE54-9A1E7A4F7556}") = "WebApiAppCore", "WebApiAppCore\WebApiAppCore.csproj", "{D7C38CFC-B4D2-4F7F-9B5B-6151C166CD74}"
EndProject
Project("{FAE04EC0-301F-11D3-BF4B-00C04F79EFBC}") = "LoggingService", "LoggingService\LoggingService.csproj", "{6A24D9AF-6B81-4A85-AEB3-A8F029C0F3D8}"
EndProject
Project("{FAE04EC0-301F-11D3-BF4B-00C04F79EFBC}") = "Contracts", "Contracts\Contracts.csproj", "{2406E678-6C36-49F2-9C83-591EB9A3B77C}"
EndProject
Global
	GlobalSection(SolutionConfigurationPlatforms) = preSolution
		Debug|Any CPU = Debug|Any CPU
		Release|Any CPU = Release|Any CPU
	EndGlobalSection
	GlobalSection(ProjectConfigurationPlatforms) = postSolution
		{D7C38CFC-B4D2-4F7F-9B5B-6151C166CD74}.Debug|Any CPU.ActiveCfg = Debug|Any CPU
		{D7C38CFC-B4D2-4F7F-9B5B-6151C166CD74}.Debug|Any CPU.Build.0 = Debug|Any CPU
		{D7C38CFC-B4D2-4F7F-9B5B-6151C166CD74}.Release|Any CPU.ActiveCfg = Release|Any CPU
		{D7C38CFC-B4D2-4F7F-9B5B-6151C166CD74}.Release|Any CPU.Build.0 = Release|Any CPU
		{6A24D9AF-6B81-4A85-AEB3-A8F029C0F3D8}.Debug|Any CPU.ActiveCfg = Debug|Any CPU
		{6A24D9AF-6B81-4A85-AEB3-A8F029C0F3D8}.Debug|Any CPU.Build.0 = Debug|Any CPU
		{6A24D9AF-6B81-4A85-AEB3-A8F029C0F3D8}.Release|Any CPU.ActiveCfg = Release|Any CPU
		{6A24D9AF-6B81-4A85-AEB3-A8F029C0F3D8}.Release|Any CPU.Build.0 = Release|Any CPU
		{2406E678-6C36-49F2-9C83-591EB9A3B77C}.Debug|Any CPU.ActiveCfg = Debug|Any CPU
		{2406E678-6C36-49F2-9C83-591EB9A3B77C}.Debug|Any CPU.Build.0 = Debug|Any CPU
		{2406E678-6C36-49F2-9C83-591EB9A3B77C}.Release|Any CPU.ActiveCfg = Release|Any CPU
		{2406E678-6C36-49F2-9C83-591EB9A3B77C}.Release|Any CPU.Build.0 = Release|Any CPU
	EndGlobalSection
	GlobalSection(SolutionProperties) = preSolution
		HideSolutionNode = FALSE
	EndGlobalSection
	GlobalSection(ExtensibilityGlobals) = postSolution
		SolutionGuid = {4F69FCA9-F3DD-42E5-B1ED-E9D7303A73E2}
	EndGlobalSection
EndGlobal
